
Microsoft Visual Studio Solution File, Format Version 12.00
# Visual Studio Version 17
VisualStudioVersion = 17.2.32526.322
MinimumVisualStudioVersion = 10.0.40219.1
Project("{2150E333-8FDC-42A3-9474-1A3956D46DE8}") = "Solution Items", "Solution Items", "{8629E4D4-8A71-421B-95E4-A9E3844B0066}"
	ProjectSection(SolutionItems) = preProject
		.dockerignore = .dockerignore
		global.json = global.json
		README.md = README.md
	EndProjectSection
EndProject
Project("{2150E333-8FDC-42A3-9474-1A3956D46DE8}") = "src", "src", "{D41A2F46-75A0-49F3-A661-0DABB9A2AC17}"
EndProject
Project("{2150E333-8FDC-42A3-9474-1A3956D46DE8}") = "tests", "tests", "{AF74B9AF-1CAA-4A76-B2B7-6B9BDD2F6861}"
EndProject
Project("{2150E333-8FDC-42A3-9474-1A3956D46DE8}") = "ApiGateways", "ApiGateways", "{2FF19BBD-688B-446D-A87F-A955516052A6}"
EndProject
Project("{2150E333-8FDC-42A3-9474-1A3956D46DE8}") = "BuildingBlocks", "BuildingBlocks", "{BB69282A-3987-4646-A17F-AA12087E3837}"
EndProject
Project("{2150E333-8FDC-42A3-9474-1A3956D46DE8}") = "Services", "Services", "{8993DABC-42B7-48D7-BB28-9E18D8DDD4EB}"
EndProject
Project("{2150E333-8FDC-42A3-9474-1A3956D46DE8}") = "WebApps", "WebApps", "{9B87E1F2-B61A-47DF-BE7E-4CC52E362AED}"
EndProject
Project("{FAE04EC0-301F-11D3-BF4B-00C04F79EFBC}") = "Common.Logging", "src\BuildingBlocks\Common.Logging\Common.Logging.csproj", "{6F75841C-D601-4053-A2A0-06EA7105337A}"
EndProject
Project("{FAE04EC0-301F-11D3-BF4B-00C04F79EFBC}") = "EventBus.Messages", "src\BuildingBlocks\EventBus.Messages\EventBus.Messages.csproj", "{F5DEA930-AB4C-4371-BE39-7B4C3413C3E4}"
EndProject
Project("{2150E333-8FDC-42A3-9474-1A3956D46DE8}") = "Product", "Product", "{B053E840-EAB3-45E1-BF58-4601B1A4CB8C}"
EndProject
Project("{2150E333-8FDC-42A3-9474-1A3956D46DE8}") = "Customer", "Customer", "{AB7CC354-9585-4AD8-9F49-2FF4CD645752}"
EndProject
Project("{2150E333-8FDC-42A3-9474-1A3956D46DE8}") = "Ordering", "Ordering", "{7063762F-0E6E-4942-8345-3288F5A881BE}"
EndProject
Project("{2150E333-8FDC-42A3-9474-1A3956D46DE8}") = "Inventory", "Inventory", "{AF89CAC2-C0A3-41C7-A96E-08DDD99C6FF9}"
EndProject
Project("{2150E333-8FDC-42A3-9474-1A3956D46DE8}") = "Basket", "Basket", "{AF65B6A8-EA7D-42E5-BDD0-AA34AB6B13B8}"
EndProject
Project("{2150E333-8FDC-42A3-9474-1A3956D46DE8}") = "ScheduledJob", "ScheduledJob", "{1CD8F5AD-5B06-46F5-BE15-8614D372D458}"
EndProject
Project("{FAE04EC0-301F-11D3-BF4B-00C04F79EFBC}") = "WebHealthStatus", "src\WebApps\WebHealthStatus\WebHealthStatus.csproj", "{7B45A2D5-5FFA-4107-993D-103BC1AC6FC3}"
EndProject
Project("{FAE04EC0-301F-11D3-BF4B-00C04F79EFBC}") = "Basket.API", "src\Services\Basket.API\Basket.API.csproj", "{3A7977EB-5FB9-4CCF-B6CD-2038C37B3F0A}"
EndProject
Project("{FAE04EC0-301F-11D3-BF4B-00C04F79EFBC}") = "Customer.API", "src\Services\Customer.API\Customer.API.csproj", "{E46D8519-EF3C-4986-8416-AC0F95A0B2FF}"
EndProject
Project("{FAE04EC0-301F-11D3-BF4B-00C04F79EFBC}") = "Inventory.Product.API", "src\Services\Inventory.Product.API\Inventory.Product.API.csproj", "{19AD2749-DD90-4479-BB6F-E98E4955B320}"
EndProject
Project("{FAE04EC0-301F-11D3-BF4B-00C04F79EFBC}") = "Ordering.API", "src\Services\Ordering.API\Ordering.API.csproj", "{CF5F0B9C-04CE-4F3D-85DE-BA9F0A1BED6A}"
EndProject
Project("{FAE04EC0-301F-11D3-BF4B-00C04F79EFBC}") = "Product.API", "src\Services\Product.API\Product.API.csproj", "{0327CB27-3194-48DA-9AC2-6C3F7A149854}"
EndProject
Project("{FAE04EC0-301F-11D3-BF4B-00C04F79EFBC}") = "Hangfire.API", "src\Services\Hangfire.API\Hangfire.API.csproj", "{A1F21B47-768C-4DAE-9C82-38035F33799E}"
EndProject
Project("{FAE04EC0-301F-11D3-BF4B-00C04F79EFBC}") = "Contracts", "src\BuildingBlocks\Contracts\Contracts.csproj", "{67E9033C-7C5A-4058-A6E4-1597E8FF742E}"
EndProject
Project("{FAE04EC0-301F-11D3-BF4B-00C04F79EFBC}") = "Infrastructure", "src\BuildingBlocks\Infrastructure\Infrastructure.csproj", "{C1F1F5D6-CC73-4B86-B228-DCDDFE80A4E6}"
EndProject
Project("{FAE04EC0-301F-11D3-BF4B-00C04F79EFBC}") = "Shared", "src\BuildingBlocks\Shared\Shared.csproj", "{21DF4CCA-35C4-4523-8F94-AC7539BB066E}"
EndProject
Project("{FAE04EC0-301F-11D3-BF4B-00C04F79EFBC}") = "OcelotApiGW", "src\ApiGateways\OcelotApiGW\OcelotApiGW.csproj", "{601CC01A-A395-4BB2-9B2D-30C8E4CF1F5D}"
EndProject
Global
	GlobalSection(SolutionConfigurationPlatforms) = preSolution
		Debug|Any CPU = Debug|Any CPU
		Release|Any CPU = Release|Any CPU
	EndGlobalSection
	GlobalSection(ProjectConfigurationPlatforms) = postSolution
		{6F75841C-D601-4053-A2A0-06EA7105337A}.Debug|Any CPU.ActiveCfg = Debug|Any CPU
		{6F75841C-D601-4053-A2A0-06EA7105337A}.Debug|Any CPU.Build.0 = Debug|Any CPU
		{6F75841C-D601-4053-A2A0-06EA7105337A}.Release|Any CPU.ActiveCfg = Release|Any CPU
		{6F75841C-D601-4053-A2A0-06EA7105337A}.Release|Any CPU.Build.0 = Release|Any CPU
		{F5DEA930-AB4C-4371-BE39-7B4C3413C3E4}.Debug|Any CPU.ActiveCfg = Debug|Any CPU
		{F5DEA930-AB4C-4371-BE39-7B4C3413C3E4}.Debug|Any CPU.Build.0 = Debug|Any CPU
		{F5DEA930-AB4C-4371-BE39-7B4C3413C3E4}.Release|Any CPU.ActiveCfg = Release|Any CPU
		{F5DEA930-AB4C-4371-BE39-7B4C3413C3E4}.Release|Any CPU.Build.0 = Release|Any CPU
		{7B45A2D5-5FFA-4107-993D-103BC1AC6FC3}.Debug|Any CPU.ActiveCfg = Debug|Any CPU
		{7B45A2D5-5FFA-4107-993D-103BC1AC6FC3}.Debug|Any CPU.Build.0 = Debug|Any CPU
		{7B45A2D5-5FFA-4107-993D-103BC1AC6FC3}.Release|Any CPU.ActiveCfg = Release|Any CPU
		{7B45A2D5-5FFA-4107-993D-103BC1AC6FC3}.Release|Any CPU.Build.0 = Release|Any CPU
		{3A7977EB-5FB9-4CCF-B6CD-2038C37B3F0A}.Debug|Any CPU.ActiveCfg = Debug|Any CPU
		{3A7977EB-5FB9-4CCF-B6CD-2038C37B3F0A}.Debug|Any CPU.Build.0 = Debug|Any CPU
		{3A7977EB-5FB9-4CCF-B6CD-2038C37B3F0A}.Release|Any CPU.ActiveCfg = Release|Any CPU
		{3A7977EB-5FB9-4CCF-B6CD-2038C37B3F0A}.Release|Any CPU.Build.0 = Release|Any CPU
		{E46D8519-EF3C-4986-8416-AC0F95A0B2FF}.Debug|Any CPU.ActiveCfg = Debug|Any CPU
		{E46D8519-EF3C-4986-8416-AC0F95A0B2FF}.Debug|Any CPU.Build.0 = Debug|Any CPU
		{E46D8519-EF3C-4986-8416-AC0F95A0B2FF}.Release|Any CPU.ActiveCfg = Release|Any CPU
		{E46D8519-EF3C-4986-8416-AC0F95A0B2FF}.Release|Any CPU.Build.0 = Release|Any CPU
		{19AD2749-DD90-4479-BB6F-E98E4955B320}.Debug|Any CPU.ActiveCfg = Debug|Any CPU
		{19AD2749-DD90-4479-BB6F-E98E4955B320}.Debug|Any CPU.Build.0 = Debug|Any CPU
		{19AD2749-DD90-4479-BB6F-E98E4955B320}.Release|Any CPU.ActiveCfg = Release|Any CPU
		{19AD2749-DD90-4479-BB6F-E98E4955B320}.Release|Any CPU.Build.0 = Release|Any CPU
		{CF5F0B9C-04CE-4F3D-85DE-BA9F0A1BED6A}.Debug|Any CPU.ActiveCfg = Debug|Any CPU
		{CF5F0B9C-04CE-4F3D-85DE-BA9F0A1BED6A}.Debug|Any CPU.Build.0 = Debug|Any CPU
		{CF5F0B9C-04CE-4F3D-85DE-BA9F0A1BED6A}.Release|Any CPU.ActiveCfg = Release|Any CPU
		{CF5F0B9C-04CE-4F3D-85DE-BA9F0A1BED6A}.Release|Any CPU.Build.0 = Release|Any CPU
		{0327CB27-3194-48DA-9AC2-6C3F7A149854}.Debug|Any CPU.ActiveCfg = Debug|Any CPU
		{0327CB27-3194-48DA-9AC2-6C3F7A149854}.Debug|Any CPU.Build.0 = Debug|Any CPU
		{0327CB27-3194-48DA-9AC2-6C3F7A149854}.Release|Any CPU.ActiveCfg = Release|Any CPU
		{0327CB27-3194-48DA-9AC2-6C3F7A149854}.Release|Any CPU.Build.0 = Release|Any CPU
		{A1F21B47-768C-4DAE-9C82-38035F33799E}.Debug|Any CPU.ActiveCfg = Debug|Any CPU
		{A1F21B47-768C-4DAE-9C82-38035F33799E}.Debug|Any CPU.Build.0 = Debug|Any CPU
		{A1F21B47-768C-4DAE-9C82-38035F33799E}.Release|Any CPU.ActiveCfg = Release|Any CPU
		{A1F21B47-768C-4DAE-9C82-38035F33799E}.Release|Any CPU.Build.0 = Release|Any CPU
		{67E9033C-7C5A-4058-A6E4-1597E8FF742E}.Debug|Any CPU.ActiveCfg = Debug|Any CPU
		{67E9033C-7C5A-4058-A6E4-1597E8FF742E}.Debug|Any CPU.Build.0 = Debug|Any CPU
		{67E9033C-7C5A-4058-A6E4-1597E8FF742E}.Release|Any CPU.ActiveCfg = Release|Any CPU
		{67E9033C-7C5A-4058-A6E4-1597E8FF742E}.Release|Any CPU.Build.0 = Release|Any CPU
		{C1F1F5D6-CC73-4B86-B228-DCDDFE80A4E6}.Debug|Any CPU.ActiveCfg = Debug|Any CPU
		{C1F1F5D6-CC73-4B86-B228-DCDDFE80A4E6}.Debug|Any CPU.Build.0 = Debug|Any CPU
		{C1F1F5D6-CC73-4B86-B228-DCDDFE80A4E6}.Release|Any CPU.ActiveCfg = Release|Any CPU
		{C1F1F5D6-CC73-4B86-B228-DCDDFE80A4E6}.Release|Any CPU.Build.0 = Release|Any CPU
		{21DF4CCA-35C4-4523-8F94-AC7539BB066E}.Debug|Any CPU.ActiveCfg = Debug|Any CPU
		{21DF4CCA-35C4-4523-8F94-AC7539BB066E}.Debug|Any CPU.Build.0 = Debug|Any CPU
		{21DF4CCA-35C4-4523-8F94-AC7539BB066E}.Release|Any CPU.ActiveCfg = Release|Any CPU
		{21DF4CCA-35C4-4523-8F94-AC7539BB066E}.Release|Any CPU.Build.0 = Release|Any CPU
		{601CC01A-A395-4BB2-9B2D-30C8E4CF1F5D}.Debug|Any CPU.ActiveCfg = Debug|Any CPU
		{601CC01A-A395-4BB2-9B2D-30C8E4CF1F5D}.Debug|Any CPU.Build.0 = Debug|Any CPU
		{601CC01A-A395-4BB2-9B2D-30C8E4CF1F5D}.Release|Any CPU.ActiveCfg = Release|Any CPU
		{601CC01A-A395-4BB2-9B2D-30C8E4CF1F5D}.Release|Any CPU.Build.0 = Release|Any CPU
	EndGlobalSection
	GlobalSection(SolutionProperties) = preSolution
		HideSolutionNode = FALSE
	EndGlobalSection
	GlobalSection(NestedProjects) = preSolution
		{2FF19BBD-688B-446D-A87F-A955516052A6} = {D41A2F46-75A0-49F3-A661-0DABB9A2AC17}
		{BB69282A-3987-4646-A17F-AA12087E3837} = {D41A2F46-75A0-49F3-A661-0DABB9A2AC17}
		{8993DABC-42B7-48D7-BB28-9E18D8DDD4EB} = {D41A2F46-75A0-49F3-A661-0DABB9A2AC17}
		{9B87E1F2-B61A-47DF-BE7E-4CC52E362AED} = {D41A2F46-75A0-49F3-A661-0DABB9A2AC17}
		{6F75841C-D601-4053-A2A0-06EA7105337A} = {BB69282A-3987-4646-A17F-AA12087E3837}
		{F5DEA930-AB4C-4371-BE39-7B4C3413C3E4} = {BB69282A-3987-4646-A17F-AA12087E3837}
		{B053E840-EAB3-45E1-BF58-4601B1A4CB8C} = {8993DABC-42B7-48D7-BB28-9E18D8DDD4EB}
		{AB7CC354-9585-4AD8-9F49-2FF4CD645752} = {8993DABC-42B7-48D7-BB28-9E18D8DDD4EB}
		{7063762F-0E6E-4942-8345-3288F5A881BE} = {8993DABC-42B7-48D7-BB28-9E18D8DDD4EB}
		{AF89CAC2-C0A3-41C7-A96E-08DDD99C6FF9} = {8993DABC-42B7-48D7-BB28-9E18D8DDD4EB}
		{AF65B6A8-EA7D-42E5-BDD0-AA34AB6B13B8} = {8993DABC-42B7-48D7-BB28-9E18D8DDD4EB}
		{1CD8F5AD-5B06-46F5-BE15-8614D372D458} = {8993DABC-42B7-48D7-BB28-9E18D8DDD4EB}
		{7B45A2D5-5FFA-4107-993D-103BC1AC6FC3} = {9B87E1F2-B61A-47DF-BE7E-4CC52E362AED}
		{3A7977EB-5FB9-4CCF-B6CD-2038C37B3F0A} = {AF65B6A8-EA7D-42E5-BDD0-AA34AB6B13B8}
		{E46D8519-EF3C-4986-8416-AC0F95A0B2FF} = {AB7CC354-9585-4AD8-9F49-2FF4CD645752}
		{19AD2749-DD90-4479-BB6F-E98E4955B320} = {AF89CAC2-C0A3-41C7-A96E-08DDD99C6FF9}
		{CF5F0B9C-04CE-4F3D-85DE-BA9F0A1BED6A} = {7063762F-0E6E-4942-8345-3288F5A881BE}
		{0327CB27-3194-48DA-9AC2-6C3F7A149854} = {B053E840-EAB3-45E1-BF58-4601B1A4CB8C}
		{A1F21B47-768C-4DAE-9C82-38035F33799E} = {1CD8F5AD-5B06-46F5-BE15-8614D372D458}
		{67E9033C-7C5A-4058-A6E4-1597E8FF742E} = {BB69282A-3987-4646-A17F-AA12087E3837}
		{C1F1F5D6-CC73-4B86-B228-DCDDFE80A4E6} = {BB69282A-3987-4646-A17F-AA12087E3837}
		{21DF4CCA-35C4-4523-8F94-AC7539BB066E} = {BB69282A-3987-4646-A17F-AA12087E3837}
		{601CC01A-A395-4BB2-9B2D-30C8E4CF1F5D} = {2FF19BBD-688B-446D-A87F-A955516052A6}
	EndGlobalSection
	GlobalSection(ExtensibilityGlobals) = postSolution
		SolutionGuid = {A8C528D8-1E15-493F-B222-7D9D54386CAE}
	EndGlobalSection
EndGlobal
